PODS:
  - EFQRCode (4.5.0):
    - swift_qrcodejs (~> 1.0.1)
  - swift_qrcodejs (1.0.1)

DEPENDENCIES:
  - EFQRCode

SPEC REPOS:
  https://github.com/cocoapods/specs.git:
    - EFQRCode
    - swift_qrcodejs

SPEC CHECKSUMS:
  EFQRCode: 842f431e660da841f518993af8f4cbd275601d84
  swift_qrcodejs: c181fe5c849d30c699546a23762d7e3dd143ab37

PODFILE CHECKSUM: 81476ce5f6c9597287fb7088f0e2d74486f102e8

COCOAPODS: 1.7.0.beta.1
